// !$*UTF8*$!
{
	archiveVersion = 1;
	classes = {
	};
	objectVersion = 48;
	objects = {

/* Begin PBXBuildFile section */
		A989523A1FE2DEED00FF8057 /* AppDelegate.swift in Sources */ = {isa = PBXBuildFile; fileRef = A98952391FE2DEED00FF8057 /* AppDelegate.swift */; };
		A989523C1FE2DEED00FF8057 /* AuthenticationViewController.swift in Sources */ = {isa = PBXBuildFile; fileRef = A989523B1FE2DEED00FF8057 /* AuthenticationViewController.swift */; };
		A989523F1FE2DEED00FF8057 /* Main.storyboard in Resources */ = {isa = PBXBuildFile; fileRef = A989523D1FE2DEED00FF8057 /* Main.storyboard */; };
		A98952411FE2DEED00FF8057 /* Assets.xcassets in Resources */ = {isa = PBXBuildFile; fileRef = A98952401FE2DEED00FF8057 /* Assets.xcassets */; };
		A98952441FE2DEED00FF8057 /* LaunchScreen.storyboard in Resources */ = {isa = PBXBuildFile; fileRef = A98952421FE2DEED00FF8057 /* LaunchScreen.storyboard */; };
		A989524D1FE2DF4800FF8057 /* LocalAuthentication.framework in Frameworks */ = {isa = PBXBuildFile; fileRef = A989524C1FE2DF3F00FF8057 /* LocalAuthentication.framework */; };
		A989524F1FE2E0C000FF8057 /* ProtectedContentViewController.swift in Sources */ = {isa = PBXBuildFile; fileRef = A989524E1FE2E0C000FF8057 /* ProtectedContentViewController.swift */; };
/* End PBXBuildFile section */

/* Begin PBXFileReference section */
		A98952361FE2DEED00FF8057 /* TouchId.app */ = {isa = PBXFileReference; explicitFileType = wrapper.application; includeInIndex = 0; path = TouchId.app; sourceTree = BUILT_PRODUCTS_DIR; };
		A98952391FE2DEED00FF8057 /* AppDelegate.swift */ = {isa = PBXFileReference; lastKnownFileType = sourcecode.swift; path = AppDelegate.swift; sourceTree = "<group>"; };
		A989523B1FE2DEED00FF8057 /* AuthenticationViewController.swift */ = {isa = PBXFileReference; lastKnownFileType = sourcecode.swift; path = AuthenticationViewController.swift; sourceTree = "<group>"; };
		A989523E1FE2DEED00FF8057 /* Base */ = {isa = PBXFileReference; lastKnownFileType = file.storyboard; name = Base; path = Base.lproj/Main.storyboard; sourceTree = "<group>"; };
		A98952401FE2DEED00FF8057 /* Assets.xcassets */ = {isa = PBXFileReference; lastKnownFileType = folder.assetcatalog; path = Assets.xcassets; sourceTree = "<group>"; };
		A98952431FE2DEED00FF8057 /* Base */ = {isa = PBXFileReference; lastKnownFileType = file.storyboard; name = Base; path = Base.lproj/LaunchScreen.storyboard; sourceTree = "<group>"; };
		A98952451FE2DEED00FF8057 /* Info.plist */ = {isa = PBXFileReference; lastKnownFileType = text.plist.xml; path = Info.plist; sourceTree = "<group>"; };
		A989524C1FE2DF3F00FF8057 /* LocalAuthentication.framework */ = {isa = PBXFileReference; lastKnownFileType = wrapper.framework; name = LocalAuthentication.framework; path = System/Library/Frameworks/LocalAuthentication.framework; sourceTree = SDKROOT; };
		A989524E1FE2E0C000FF8057 /* ProtectedContentViewController.swift */ = {isa = PBXFileReference; lastKnownFileType = sourcecode.swift; path = ProtectedContentViewController.swift; sourceTree = "<group>"; };
/* End PBXFileReference section */

/* Begin PBXFrameworksBuildPhase section */
		A98952331FE2DEED00FF8057 /* Frameworks */ = {
			isa = PBXFrameworksBuildPhase;
			buildActionMask = 2147483647;
			files = (
				A989524D1FE2DF4800FF8057 /* LocalAuthentication.framework in Frameworks */,
			);
			runOnlyForDeploymentPostprocessing = 0;
		};
/* End PBXFrameworksBuildPhase section */

/* Begin PBXGroup section */
		A989522D1FE2DEED00FF8057 = {
			isa = PBXGroup;
			children = (
				A98952381FE2DEED00FF8057 /* TouchId */,
				A98952371FE2DEED00FF8057 /* Products */,
				A989524B1FE2DF3F00FF8057 /* Frameworks */,
			);
			sourceTree = "<group>";
		};
		A98952371FE2DEED00FF8057 /* Products */ = {
			isa = PBXGroup;
			children = (
				A98952361FE2DEED00FF8057 /* TouchId.app */,
			);
			name = Products;
			sourceTree = "<group>";
		};
		A98952381FE2DEED00FF8057 /* TouchId */ = {
			isa = PBXGroup;
			children = (
				A98952391FE2DEED00FF8057 /* AppDelegate.swift */,
				A989523B1FE2DEED00FF8057 /* AuthenticationViewController.swift */,
				A989524E1FE2E0C000FF8057 /* ProtectedContentViewController.swift */,
				A989523D1FE2DEED00FF8057 /* Main.storyboard */,
				A98952401FE2DEED00FF8057 /* Assets.xcassets */,
				A98952421FE2DEED00FF8057 /* LaunchScreen.storyboard */,
				A98952451FE2DEED00FF8057 /* Info.plist */,
			);
			path = TouchId;
			sourceTree = "<group>";
		};
		A989524B1FE2DF3F00FF8057 /* Frameworks */ = {
			isa = PBXGroup;
			children = (
				A989524C1FE2DF3F00FF8057 /* LocalAuthentication.framework */,
			);
			name = Frameworks;
			sourceTree = "<group>";
		};
/* End PBXGroup section */

/* Begin PBXNativeTarget section */
		A98952351FE2DEED00FF8057 /* TouchId */ = {
			isa = PBXNativeTarget;
			buildConfigurationList = A98952481FE2DEED00FF8057 /* Build configuration list for PBXNativeTarget "TouchId" */;
			buildPhases = (
				A98952321FE2DEED00FF8057 /* Sources */,
				A98952331FE2DEED00FF8057 /* Frameworks */,
				A98952341FE2DEED00FF8057 /* Resources */,
			);
			buildRules = (
			);
			dependencies = (
			);
			name = TouchId;
			productName = TouchId;
			productReference = A98952361FE2DEED00FF8057 /* TouchId.app */;
			productType = "com.apple.product-type.application";
		};
/* End PBXNativeTarget section */

/* Begin PBXProject section */
		A989522E1FE2DEED00FF8057 /* Project object */ = {
			isa = PBXProject;
			attributes = {
				LastSwiftUpdateCheck = 0900;
				LastUpgradeCheck = 0900;
				ORGANIZATIONNAME = "Skander Jabouzi";
				TargetAttributes = {
					A98952351FE2DEED00FF8057 = {
						CreatedOnToolsVersion = 9.0.1;
						ProvisioningStyle = Automatic;
					};
				};
			};
			buildConfigurationList = A98952311FE2DEED00FF8057 /* Build configuration list for PBXProject "TouchId" */;
			compatibilityVersion = "Xcode 8.0";
			developmentRegion = en;
			hasScannedForEncodings = 0;
			knownRegions = (
				en,
				Base,
			);
			mainGroup = A989522D1FE2DEED00FF8057;
			productRefGroup = A98952371FE2DEED00FF8057 /* Products */;
			projectDirPath = "";
			projectRoot = "";
			targets = (
				A98952351FE2DEED00FF8057 /* TouchId */,
			);
		};
/* End PBXProject section */

/* Begin PBXResourcesBuildPhase section */
		A98952341FE2DEED00FF8057 /* Resources */ = {
			isa = PBXResourcesBuildPhase;
			buildActionMask = 2147483647;
			files = (
				A98952441FE2DEED00FF8057 /* LaunchScreen.storyboard in Resources */,
				A98952411FE2DEED00FF8057 /* Assets.xcassets in Resources */,
				A989523F1FE2DEED00FF8057 /* Main.storyboard in Resources */,
			);
			runOnlyForDeploymentPostprocessing = 0;
		};
/* End PBXResourcesBuildPhase section */

/* Begin PBXSourcesBuildPhase section */
		A98952321FE2DEED00FF8057 /* Sources */ = {
			isa = PBXSourcesBuildPhase;
			buildActionMask = 2147483647;
			files = (
				A989524F1FE2E0C000FF8057 /* ProtectedContentViewController.swift in Sources */,
				A989523C1FE2DEED00FF8057 /* AuthenticationViewController.swift in Sources */,
				A989523A1FE2DEED00FF8057 /* AppDelegate.swift in Sources */,
			);
			runOnlyForDeploymentPostprocessing = 0;
		};
/* End PBXSourcesBuildPhase section */

/* Begin PBXVariantGroup section */
		A989523D1FE2DEED00FF8057 /* Main.storyboard */ = {
			isa = PBXVariantGroup;
			children = (
				A989523E1FE2DEED00FF8057 /* Base */,
			);
			name = Main.storyboard;
			sourceTree = "<group>";
		};
		A98952421FE2DEED00FF8057 /* LaunchScreen.storyboard */ = {
			isa = PBXVariantGroup;
			children = (
				A98952431FE2DEED00FF8057 /* Base */,
			);
			name = LaunchScreen.storyboard;
			sourceTree = "<group>";
		};
/* End PBXVariantGroup section */

/* Begin XCBuildConfiguration section */
		A98952461FE2DEED00FF8057 /* Debug */ = {
			isa = XCBuildConfiguration;
			buildSettings = {
				ALWAYS_SEARCH_USER_PATHS = NO;
				CLANG_ANALYZER_NONNULL = YES;
				CLANG_ANALYZER_NUMBER_OBJECT_CONVERSION = YES_AGGRESSIVE;
				CLANG_CXX_LANGUAGE_STANDARD = "gnu++14";
				CLANG_CXX_LIBRARY = "libc++";
				CLANG_ENABLE_MODULES = YES;
				CLANG_ENABLE_OBJC_ARC = YES;
				CLANG_WARN_BLOCK_CAPTURE_AUTORELEASING = YES;
				CLANG_WARN_BOOL_CONVERSION = YES;
				CLANG_WARN_COMMA = YES;
				CLANG_WARN_CONSTANT_CONVERSION = YES;
				CLANG_WARN_DIRECT_OBJC_ISA_USAGE = YES_ERROR;
				CLANG_WARN_DOCUMENTATION_COMMENTS = YES;
				CLANG_WARN_EMPTY_BODY = YES;
				CLANG_WARN_ENUM_CONVERSION = YES;
				CLANG_WARN_INFINITE_RECURSION = YES;
				CLANG_WARN_INT_CONVERSION = YES;
				CLANG_WARN_NON_LITERAL_NULL_CONVERSION = YES;
				CLANG_WARN_OBJC_LITERAL_CONVERSION = YES;
				CLANG_WARN_OBJC_ROOT_CLASS = YES_ERROR;
				CLANG_WARN_RANGE_LOOP_ANALYSIS = YES;
				CLANG_WARN_STRICT_PROTOTYPES = YES;
				CLANG_WARN_SUSPICIOUS_MOVE = YES;
				CLANG_WARN_UNGUARDED_AVAILABILITY = YES_AGGRESSIVE;
				CLANG_WARN_UNREACHABLE_CODE = YES;
				CLANG_WARN__DUPLICATE_METHOD_MATCH = YES;
				CODE_SIGN_IDENTITY = "iPhone Developer";
				COPY_PHASE_STRIP = NO;
				DEBUG_INFORMATION_FORMAT = dwarf;
				ENABLE_STRICT_OBJC_MSGSEND = YES;
				ENABLE_TESTABILITY = YES;
				GCC_C_LANGUAGE_STANDARD = gnu11;
				GCC_DYNAMIC_NO_PIC = NO;
				GCC_NO_COMMON_BLOCKS = YES;
				GCC_OPTIMIZATION_LEVEL = 0;
				GCC_PREPROCESSOR_DEFINITIONS = (
					"DEBUG=1",
					"$(inherited)",
				);
				GCC_WARN_64_TO_32_BIT_CONVERSION = YES;
				GCC_WARN_ABOUT_RETURN_TYPE = YES_ERROR;
				GCC_WARN_UNDECLARED_SELECTOR = YES;
				GCC_WARN_UNINITIALIZED_AUTOS = YES_AGGRESSIVE;
				GCC_WARN_UNUSED_FUNCTION = YES;
				GCC_WARN_UNUSED_VARIABLE = YES;
				IPHONEOS_DEPLOYMENT_TARGET = 11.0;
				MTL_ENABLE_DEBUG_INFO = YES;
				ONLY_ACTIVE_ARCH = YES;
				SDKROOT = iphoneos;
				SWIFT_ACTIVE_COMPILATION_CONDITIONS = DEBUG;
				SWIFT_OPTIMIZATION_LEVEL = "-Onone";
			};
			name = Debug;
		};
		A98952471FE2DEED00FF8057 /* Release */ = {
			isa = XCBuildConfiguration;
			buildSettings = {
				ALWAYS_SEARCH_USER_PATHS = NO;
				CLANG_ANALYZER_NONNULL = YES;
				CLANG_ANALYZER_NUMBER_OBJECT_CONVERSION = YES_AGGRESSIVE;
				CLANG_CXX_LANGUAGE_STANDARD = "gnu++14";
				CLANG_CXX_LIBRARY = "libc++";
				CLANG_ENABLE_MODULES = YES;
				CLANG_ENABLE_OBJC_ARC = YES;
				CLANG_WARN_BLOCK_CAPTURE_AUTORELEASING = YES;
				CLANG_WARN_BOOL_CONVERSION = YES;
				CLANG_WARN_COMMA = YES;
				CLANG_WARN_CONSTANT_CONVERSION = YES;
				CLANG_WARN_DIRECT_OBJC_ISA_USAGE = YES_ERROR;
				CLANG_WARN_DOCUMENTATION_COMMENTS = YES;
				CLANG_WARN_EMPTY_BODY = YES;
				CLANG_WARN_ENUM_CONVERSION = YES;
				CLANG_WARN_INFINITE_RECURSION = YES;
				CLANG_WARN_INT_CONVERSION = YES;
				CLANG_WARN_NON_LITERAL_NULL_CONVERSION = YES;
				CLANG_WARN_OBJC_LITERAL_CONVERSION = YES;
				CLANG_WARN_OBJC_ROOT_CLASS = YES_ERROR;
				CLANG_WARN_RANGE_LOOP_ANALYSIS = YES;
				CLANG_WARN_STRICT_PROTOTYPES = YES;
				CLANG_WARN_SUSPICIOUS_MOVE = YES;
				CLANG_WARN_UNGUARDED_AVAILABILITY = YES_AGGRESSIVE;
				CLANG_WARN_UNREACHABLE_CODE = YES;
				CLANG_WARN__DUPLICATE_METHOD_MATCH = YES;
				CODE_SIGN_IDENTITY = "iPhone Developer";
				COPY_PHASE_STRIP = NO;
				DEBUG_INFORMATION_FORMAT = "dwarf-with-dsym";
				ENABLE_NS_ASSERTIONS = NO;
				ENABLE_STRICT_OBJC_MSGSEND = YES;
				GCC_C_LANGUAGE_STANDARD = gnu11;
				GCC_NO_COMMON_BLOCKS = YES;
				GCC_WARN_64_TO_32_BIT_CONVERSION = YES;
				GCC_WARN_ABOUT_RETURN_TYPE = YES_ERROR;
				GCC_WARN_UNDECLARED_SELECTOR = YES;
				GCC_WARN_UNINITIALIZED_AUTOS = YES_AGGRESSIVE;
				GCC_WARN_UNUSED_FUNCTION = YES;
				GCC_WARN_UNUSED_VARIABLE = YES;
				IPHONEOS_DEPLOYMENT_TARGET = 11.0;
				MTL_ENABLE_DEBUG_INFO = NO;
				SDKROOT = iphoneos;
				SWIFT_OPTIMIZATION_LEVEL = "-Owholemodule";
				VALIDATE_PRODUCT = YES;
			};
			name = Release;
		};
		A98952491FE2DEED00FF8057 /* Debug */ = {
			isa = XCBuildConfiguration;
			buildSettings = {
				ASSETCATALOG_COMPILER_APPICON_NAME = AppIcon;
				CODE_SIGN_STYLE = Automatic;
				DEVELOPMENT_TEAM = 9X444WKYY5;
				INFOPLIST_FILE = TouchId/Info.plist;
				LD_RUNPATH_SEARCH_PATHS = "$(inherited) @executable_path/Frameworks";
				PRODUCT_BUNDLE_IDENTIFIER = com.skanderjabouzi.TouchId;
				PRODUCT_NAME = "$(TARGET_NAME)";
				SWIFT_VERSION = 4.0;
				TARGETED_DEVICE_FAMILY = "1,2";
			};
			name = Debug;
		};
		A989524A1FE2DEED00FF8057 /* Release */ = {
			isa = XCBuildConfiguration;
			buildSettings = {
				ASSETCATALOG_COMPILER_APPICON_NAME = AppIcon;
				CODE_SIGN_STYLE = Automatic;
				DEVELOPMENT_TEAM = 9X444WKYY5;
				INFOPLIST_FILE = TouchId/Info.plist;
				LD_RUNPATH_SEARCH_PATHS = "$(inherited) @executable_path/Frameworks";
				PRODUCT_BUNDLE_IDENTIFIER = com.skanderjabouzi.TouchId;
				PRODUCT_NAME = "$(TARGET_NAME)";
				SWIFT_VERSION = 4.0;
				TARGETED_DEVICE_FAMILY = "1,2";
			};
			name = Release;
		};
/* End XCBuildConfiguration section */

/* Begin XCConfigurationList section */
		A98952311FE2DEED00FF8057 /* Build configuration list for PBXProject "TouchId" */ = {
			isa = XCConfigurationList;
			buildConfigurations = (
				A98952461FE2DEED00FF8057 /* Debug */,
				A98952471FE2DEED00FF8057 /* Release */,
			);
			defaultConfigurationIsVisible = 0;
			defaultConfigurationName = Release;
		};
		A98952481FE2DEED00FF8057 /* Build configuration list for PBXNativeTarget "TouchId" */ = {
			isa = XCConfigurationList;
			buildConfigurations = (
				A98952491FE2DEED00FF8057 /* Debug */,
				A989524A1FE2DEED00FF8057 /* Release */,
			);
			defaultConfigurationIsVisible = 0;
			defaultConfigurationName = Release;
		};
/* End XCConfigurationList section */
	};
	rootObject = A989522E1FE2DEED00FF8057 /* Project object */;
}
